// !$*UTF8*$!
{
	archiveVersion = 1;
	classes = {
	};
	objectVersion = 77;
	objects = {

/* Begin PBXBuildFile section */
		09FBBC972F219F1800C9ED19 /* Auth in Frameworks */ = {isa = PBXBuildFile; productRef = 09FBBC962F219F1800C9ED19 /* Auth */; };
		09FBBC992F219F1E00C9ED19 /* Functions in Frameworks */ = {isa = PBXBuildFile; productRef = 09FBBC982F219F1E00C9ED19 /* Functions */; };
		09FBBC9B2F219F1E00C9ED19 /* PostgREST in Frameworks */ = {isa = PBXBuildFile; productRef = 09FBBC9A2F219F1E00C9ED19 /* PostgREST */; };
		09FBBC9D2F219F1E00C9ED19 /* Realtime in Frameworks */ = {isa = PBXBuildFile; productRef = 09FBBC9C2F219F1E00C9ED19 /* Realtime */; };
		09FBBC9F2F219F1E00C9ED19 /* Storage in Frameworks */ = {isa = PBXBuildFile; productRef = 09FBBC9E2F219F1E00C9ED19 /* Storage */; };
		09FBBCA12F219F1E00C9ED19 /* Supabase in Frameworks */ = {isa = PBXBuildFile; productRef = 09FBBCA02F219F1E00C9ED19 /* Supabase */; };
/* End PBXBuildFile section */

/* Begin PBXContainerItemProxy section */
		534D6D462F0992A90079135C /* PBXContainerItemProxy */ = {
			isa = PBXContainerItemProxy;
			containerPortal = 534D6D302F0992A80079135C /* Project object */;
			proxyType = 1;
			remoteGlobalIDString = 534D6D372F0992A80079135C;
			remoteInfo = Morphed;
		};
		534D6D502F0992A90079135C /* PBXContainerItemProxy */ = {
			isa = PBXContainerItemProxy;
			containerPortal = 534D6D302F0992A80079135C /* Project object */;
			proxyType = 1;
			remoteGlobalIDString = 534D6D372F0992A80079135C;
			remoteInfo = Morphed;
		};
/* End PBXContainerItemProxy section */

/* Begin PBXFileReference section */
		534D6D382F0992A80079135C /* Morphed.app */ = {isa = PBXFileReference; explicitFileType = wrapper.application; includeInIndex = 0; path = Morphed.app; sourceTree = BUILT_PRODUCTS_DIR; };
		534D6D452F0992A90079135C /* MorphedTests.xctest */ = {isa = PBXFileReference; explicitFileType = wrapper.cfbundle; includeInIndex = 0; path = MorphedTests.xctest; sourceTree = BUILT_PRODUCTS_DIR; };
		534D6D4F2F0992A90079135C /* MorphedUITests.xctest */ = {isa = PBXFileReference; explicitFileType = wrapper.cfbundle; includeInIndex = 0; path = MorphedUITests.xctest; sourceTree = BUILT_PRODUCTS_DIR; };
		534D6D6A2F0992A90079135C /* Morphed/Config/App.xcconfig */ = {isa = PBXFileReference; lastKnownFileType = text.xcconfig; path = Morphed/Config/App.xcconfig; sourceTree = "<group>"; };
/* End PBXFileReference section */

/* Begin PBXFileSystemSynchronizedBuildFileExceptionSet section */
		09FBBD022F21A91A00C9ED19 /* Exceptions for "Morphed" folder in "Morphed" target */ = {
			isa = PBXFileSystemSynchronizedBuildFileExceptionSet;
			membershipExceptions = (
				Info.plist,
			);
			target = 534D6D372F0992A80079135C /* Morphed */;
		};
/* End PBXFileSystemSynchronizedBuildFileExceptionSet section */

/* Begin PBXFileSystemSynchronizedRootGroup section */
		534D6D3A2F0992A80079135C /* Morphed */ = {
			isa = PBXFileSystemSynchronizedRootGroup;
			exceptions = (
				09FBBD022F21A91A00C9ED19 /* Exceptions for "Morphed" folder in "Morphed" target */,
			);
			path = Morphed;
			sourceTree = "<group>";
		};
		534D6D482F0992A90079135C /* MorphedTests */ = {
			isa = PBXFileSystemSynchronizedRootGroup;
			path = MorphedTests;
			sourceTree = "<group>";
		};
		534D6D522F0992A90079135C /* MorphedUITests */ = {
			isa = PBXFileSystemSynchronizedRootGroup;
			path = MorphedUITests;
			sourceTree = "<group>";
		};
/* End PBXFileSystemSynchronizedRootGroup section */

/* Begin PBXFrameworksBuildPhase section */
		534D6D352F0992A80079135C /* Frameworks */ = {
			isa = PBXFrameworksBuildPhase;
			buildActionMask = 2147483647;
			files = (
				09FBBC9B2F219F1E00C9ED19 /* PostgREST in Frameworks */,
				09FBBC992F219F1E00C9ED19 /* Functions in Frameworks */,
				09FBBCA12F219F1E00C9ED19 /* Supabase in Frameworks */,
				09FBBC972F219F1800C9ED19 /* Auth in Frameworks */,
				09FBBC9F2F219F1E00C9ED19 /* Storage in Frameworks */,
				09FBBC9D2F219F1E00C9ED19 /* Realtime in Frameworks */,
			);
			runOnlyForDeploymentPostprocessing = 0;
		};
		534D6D422F0992A90079135C /* Frameworks */ = {
			isa = PBXFrameworksBuildPhase;
			buildActionMask = 2147483647;
			files = (
			);
			runOnlyForDeploymentPostprocessing = 0;
		};
		534D6D4C2F0992A90079135C /* Frameworks */ = {
			isa = PBXFrameworksBuildPhase;
			buildActionMask = 2147483647;
			files = (
			);
			runOnlyForDeploymentPostprocessing = 0;
		};
/* End PBXFrameworksBuildPhase section */

/* Begin PBXGroup section */
		09FBBC342F217AC400C9ED19 /* Recovered References */ = {
			isa = PBXGroup;
			children = (
				534D6D6A2F0992A90079135C /* Morphed/Config/App.xcconfig */,
			);
			name = "Recovered References";
			sourceTree = "<group>";
		};
		09FBBC952F219F1800C9ED19 /* Frameworks */ = {
			isa = PBXGroup;
			children = (
			);
			name = Frameworks;
			sourceTree = "<group>";
		};
		534D6D2F2F0992A80079135C = {
			isa = PBXGroup;
			children = (
				534D6D3A2F0992A80079135C /* Morphed */,
				534D6D482F0992A90079135C /* MorphedTests */,
				534D6D522F0992A90079135C /* MorphedUITests */,
				534D6D392F0992A80079135C /* Products */,
				09FBBC342F217AC400C9ED19 /* Recovered References */,
				09FBBC952F219F1800C9ED19 /* Frameworks */,
			);
			sourceTree = "<group>";
		};
		534D6D392F0992A80079135C /* Products */ = {
			isa = PBXGroup;
			children = (
				534D6D382F0992A80079135C /* Morphed.app */,
				534D6D452F0992A90079135C /* MorphedTests.xctest */,
				534D6D4F2F0992A90079135C /* MorphedUITests.xctest */,
			);
			name = Products;
			sourceTree = "<group>";
		};
/* End PBXGroup section */

/* Begin PBXNativeTarget section */
		534D6D372F0992A80079135C /* Morphed */ = {
			isa = PBXNativeTarget;
			buildConfigurationList = 534D6D592F0992A90079135C /* Build configuration list for PBXNativeTarget "Morphed" */;
			buildPhases = (
				534D6D342F0992A80079135C /* Sources */,
				534D6D352F0992A80079135C /* Frameworks */,
				534D6D362F0992A80079135C /* Resources */,
			);
			buildRules = (
			);
			dependencies = (
			);
			fileSystemSynchronizedGroups = (
				534D6D3A2F0992A80079135C /* Morphed */,
			);
			name = Morphed;
			packageProductDependencies = (
				09FBBC962F219F1800C9ED19 /* Auth */,
				09FBBC982F219F1E00C9ED19 /* Functions */,
				09FBBC9A2F219F1E00C9ED19 /* PostgREST */,
				09FBBC9C2F219F1E00C9ED19 /* Realtime */,
				09FBBC9E2F219F1E00C9ED19 /* Storage */,
				09FBBCA02F219F1E00C9ED19 /* Supabase */,
			);
			productName = Morphed;
			productReference = 534D6D382F0992A80079135C /* Morphed.app */;
			productType = "com.apple.product-type.application";
		};
		534D6D442F0992A90079135C /* MorphedTests */ = {
			isa = PBXNativeTarget;
			buildConfigurationList = 534D6D5C2F0992A90079135C /* Build configuration list for PBXNativeTarget "MorphedTests" */;
			buildPhases = (
				534D6D412F0992A90079135C /* Sources */,
				534D6D422F0992A90079135C /* Frameworks */,
				534D6D432F0992A90079135C /* Resources */,
			);
			buildRules = (
			);
			dependencies = (
				534D6D472F0992A90079135C /* PBXTargetDependency */,
			);
			fileSystemSynchronizedGroups = (
				534D6D482F0992A90079135C /* MorphedTests */,
			);
			name = MorphedTests;
			packageProductDependencies = (
			);
			productName = MorphedTests;
			productReference = 534D6D452F0992A90079135C /* MorphedTests.xctest */;
			productType = "com.apple.product-type.bundle.unit-test";
		};
		534D6D4E2F0992A90079135C /* MorphedUITests */ = {
			isa = PBXNativeTarget;
			buildConfigurationList = 534D6D5F2F0992A90079135C /* Build configuration list for PBXNativeTarget "MorphedUITests" */;
			buildPhases = (
				534D6D4B2F0992A90079135C /* Sources */,
				534D6D4C2F0992A90079135C /* Frameworks */,
				534D6D4D2F0992A90079135C /* Resources */,
			);
			buildRules = (
			);
			dependencies = (
				534D6D512F0992A90079135C /* PBXTargetDependency */,
			);
			fileSystemSynchronizedGroups = (
				534D6D522F0992A90079135C /* MorphedUITests */,
			);
			name = MorphedUITests;
			packageProductDependencies = (
			);
			productName = MorphedUITests;
			productReference = 534D6D4F2F0992A90079135C /* MorphedUITests.xctest */;
			productType = "com.apple.product-type.bundle.ui-testing";
		};
/* End PBXNativeTarget section */

/* Begin PBXProject section */
		534D6D302F0992A80079135C /* Project object */ = {
			isa = PBXProject;
			attributes = {
				BuildIndependentTargetsInParallel = 1;
				LastSwiftUpdateCheck = 2620;
				LastUpgradeCheck = 2620;
				TargetAttributes = {
					534D6D372F0992A80079135C = {
						CreatedOnToolsVersion = 26.2;
					};
					534D6D442F0992A90079135C = {
						CreatedOnToolsVersion = 26.2;
						TestTargetID = 534D6D372F0992A80079135C;
					};
					534D6D4E2F0992A90079135C = {
						CreatedOnToolsVersion = 26.2;
						TestTargetID = 534D6D372F0992A80079135C;
					};
				};
			};
			buildConfigurationList = 534D6D332F0992A80079135C /* Build configuration list for PBXProject "Morphed" */;
			developmentRegion = en;
			hasScannedForEncodings = 0;
			knownRegions = (
				en,
				Base,
			);
			mainGroup = 534D6D2F2F0992A80079135C;
			minimizedProjectReferenceProxies = 1;
			packageReferences = (
				09FBBC942F219CBF00C9ED19 /* XCRemoteSwiftPackageReference "supabase-swift" */,
			);
			preferredProjectObjectVersion = 77;
			productRefGroup = 534D6D392F0992A80079135C /* Products */;
			projectDirPath = "";
			projectRoot = "";
			targets = (
				534D6D372F0992A80079135C /* Morphed */,
				534D6D442F0992A90079135C /* MorphedTests */,
				534D6D4E2F0992A90079135C /* MorphedUITests */,
			);
		};
/* End PBXProject section */

/* Begin PBXResourcesBuildPhase section */
		534D6D362F0992A80079135C /* Resources */ = {
			isa = PBXResourcesBuildPhase;
			buildActionMask = 2147483647;
			files = (
			);
			runOnlyForDeploymentPostprocessing = 0;
		};
		534D6D432F0992A90079135C /* Resources */ = {
			isa = PBXResourcesBuildPhase;
			buildActionMask = 2147483647;
			files = (
			);
			runOnlyForDeploymentPostprocessing = 0;
		};
		534D6D4D2F0992A90079135C /* Resources */ = {
			isa = PBXResourcesBuildPhase;
			buildActionMask = 2147483647;
			files = (
			);
			runOnlyForDeploymentPostprocessing = 0;
		};
/* End PBXResourcesBuildPhase section */

/* Begin PBXSourcesBuildPhase section */
		534D6D342F0992A80079135C /* Sources */ = {
			isa = PBXSourcesBuildPhase;
			buildActionMask = 2147483647;
			files = (
			);
			runOnlyForDeploymentPostprocessing = 0;
		};
		534D6D412F0992A90079135C /* Sources */ = {
			isa = PBXSourcesBuildPhase;
			buildActionMask = 2147483647;
			files = (
			);
			runOnlyForDeploymentPostprocessing = 0;
		};
		534D6D4B2F0992A90079135C /* Sources */ = {
			isa = PBXSourcesBuildPhase;
			buildActionMask = 2147483647;
			files = (
			);
			runOnlyForDeploymentPostprocessing = 0;
		};
/* End PBXSourcesBuildPhase section */

/* Begin PBXTargetDependency section */
		534D6D472F0992A90079135C /* PBXTargetDependency */ = {
			isa = PBXTargetDependency;
			target = 534D6D372F0992A80079135C /* Morphed */;
			targetProxy = 534D6D462F0992A90079135C /* PBXContainerItemProxy */;
		};
		534D6D512F0992A90079135C /* PBXTargetDependency */ = {
			isa = PBXTargetDependency;
			target = 534D6D372F0992A80079135C /* Morphed */;
			targetProxy = 534D6D502F0992A90079135C /* PBXContainerItemProxy */;
		};
/* End PBXTargetDependency section */

/* Begin XCBuildConfiguration section */
		534D6D572F0992A90079135C /* Debug */ = {
			isa = XCBuildConfiguration;
			buildSettings = {
				ALWAYS_SEARCH_USER_PATHS = NO;
				ASSETCATALOG_COMPILER_GENERATE_SWIFT_ASSET_SYMBOL_EXTENSIONS = YES;
				CLANG_ANALYZER_NONNULL = YES;
				CLANG_ANALYZER_NUMBER_OBJECT_CONVERSION = YES_AGGRESSIVE;
				CLANG_CXX_LANGUAGE_STANDARD = "gnu++20";
				CLANG_ENABLE_MODULES = YES;
				CLANG_ENABLE_OBJC_ARC = YES;
				CLANG_ENABLE_OBJC_WEAK = YES;
				CLANG_WARN_BLOCK_CAPTURE_AUTORELEASING = YES;
				CLANG_WARN_BOOL_CONVERSION = YES;
				CLANG_WARN_COMMA = YES;
				CLANG_WARN_CONSTANT_CONVERSION = YES;
				CLANG_WARN_DEPRECATED_OBJC_IMPLEMENTATIONS = YES;
				CLANG_WARN_DIRECT_OBJC_ISA_USAGE = YES_ERROR;
				CLANG_WARN_DOCUMENTATION_COMMENTS = YES;
				CLANG_WARN_EMPTY_BODY = YES;
				CLANG_WARN_ENUM_CONVERSION = YES;
				CLANG_WARN_INFINITE_RECURSION = YES;
				CLANG_WARN_INT_CONVERSION = YES;
				CLANG_WARN_NON_LITERAL_NULL_CONVERSION = YES;
				CLANG_WARN_OBJC_IMPLICIT_RETAIN_SELF = YES;
				CLANG_WARN_OBJC_LITERAL_CONVERSION = YES;
				CLANG_WARN_OBJC_ROOT_CLASS = YES_ERROR;
				CLANG_WARN_QUOTED_INCLUDE_IN_FRAMEWORK_HEADER = YES;
				CLANG_WARN_RANGE_LOOP_ANALYSIS = YES;
				CLANG_WARN_STRICT_PROTOTYPES = YES;
				CLANG_WARN_SUSPICIOUS_MOVE = YES;
				CLANG_WARN_UNGUARDED_AVAILABILITY = YES_AGGRESSIVE;
				CLANG_WARN_UNREACHABLE_CODE = YES;
				CLANG_WARN__DUPLICATE_METHOD_MATCH = YES;
				COPY_PHASE_STRIP = NO;
				DEBUG_INFORMATION_FORMAT = dwarf;
				ENABLE_STRICT_OBJC_MSGSEND = YES;
				ENABLE_TESTABILITY = YES;
				ENABLE_USER_SCRIPT_SANDBOXING = YES;
				GCC_C_LANGUAGE_STANDARD = gnu17;
				GCC_DYNAMIC_NO_PIC = NO;
				GCC_NO_COMMON_BLOCKS = YES;
				GCC_OPTIMIZATION_LEVEL = 0;
				GCC_PREPROCESSOR_DEFINITIONS = (
					"DEBUG=1",
					"$(inherited)",
				);
				GCC_WARN_64_TO_32_BIT_CONVERSION = YES;
				GCC_WARN_ABOUT_RETURN_TYPE = YES_ERROR;
				GCC_WARN_UNDECLARED_SELECTOR = YES;
				GCC_WARN_UNINITIALIZED_AUTOS = YES_AGGRESSIVE;
				GCC_WARN_UNUSED_FUNCTION = YES;
				GCC_WARN_UNUSED_VARIABLE = YES;
				IPHONEOS_DEPLOYMENT_TARGET = 16.0;
				LOCALIZATION_PREFERS_STRING_CATALOGS = YES;
				MTL_ENABLE_DEBUG_INFO = INCLUDE_SOURCE;
				MTL_FAST_MATH = YES;
				ONLY_ACTIVE_ARCH = YES;
				SDKROOT = iphoneos;
				SWIFT_ACTIVE_COMPILATION_CONDITIONS = "DEBUG $(inherited)";
				SWIFT_OPTIMIZATION_LEVEL = "-Onone";
			};
			name = Debug;
		};
		534D6D582F0992A90079135C /* Release */ = {
			isa = XCBuildConfiguration;
			buildSettings = {
				ALWAYS_SEARCH_USER_PATHS = NO;
				ASSETCATALOG_COMPILER_GENERATE_SWIFT_ASSET_SYMBOL_EXTENSIONS = YES;
				CLANG_ANALYZER_NONNULL = YES;
				CLANG_ANALYZER_NUMBER_OBJECT_CONVERSION = YES_AGGRESSIVE;
				CLANG_CXX_LANGUAGE_STANDARD = "gnu++20";
				CLANG_ENABLE_MODULES = YES;
				CLANG_ENABLE_OBJC_ARC = YES;
				CLANG_ENABLE_OBJC_WEAK = YES;
				CLANG_WARN_BLOCK_CAPTURE_AUTORELEASING = YES;
				CLANG_WARN_BOOL_CONVERSION = YES;
				CLANG_WARN_COMMA = YES;
				CLANG_WARN_CONSTANT_CONVERSION = YES;
				CLANG_WARN_DEPRECATED_OBJC_IMPLEMENTATIONS = YES;
				CLANG_WARN_DIRECT_OBJC_ISA_USAGE = YES_ERROR;
				CLANG_WARN_DOCUMENTATION_COMMENTS = YES;
				CLANG_WARN_EMPTY_BODY = YES;
				CLANG_WARN_ENUM_CONVERSION = YES;
				CLANG_WARN_INFINITE_RECURSION = YES;
				CLANG_WARN_INT_CONVERSION = YES;
				CLANG_WARN_NON_LITERAL_NULL_CONVERSION = YES;
				CLANG_WARN_OBJC_IMPLICIT_RETAIN_SELF = YES;
				CLANG_WARN_OBJC_LITERAL_CONVERSION = YES;
				CLANG_WARN_OBJC_ROOT_CLASS = YES_ERROR;
				CLANG_WARN_QUOTED_INCLUDE_IN_FRAMEWORK_HEADER = YES;
				CLANG_WARN_RANGE_LOOP_ANALYSIS = YES;
				CLANG_WARN_STRICT_PROTOTYPES = YES;
				CLANG_WARN_SUSPICIOUS_MOVE = YES;
				CLANG_WARN_UNGUARDED_AVAILABILITY = YES_AGGRESSIVE;
				CLANG_WARN_UNREACHABLE_CODE = YES;
				CLANG_WARN__DUPLICATE_METHOD_MATCH = YES;
				COPY_PHASE_STRIP = NO;
				DEBUG_INFORMATION_FORMAT = "dwarf-with-dsym";
				ENABLE_NS_ASSERTIONS = NO;
				ENABLE_STRICT_OBJC_MSGSEND = YES;
				ENABLE_USER_SCRIPT_SANDBOXING = YES;
				GCC_C_LANGUAGE_STANDARD = gnu17;
				GCC_NO_COMMON_BLOCKS = YES;
				GCC_WARN_64_TO_32_BIT_CONVERSION = YES;
				GCC_WARN_ABOUT_RETURN_TYPE = YES_ERROR;
				GCC_WARN_UNDECLARED_SELECTOR = YES;
				GCC_WARN_UNINITIALIZED_AUTOS = YES_AGGRESSIVE;
				GCC_WARN_UNUSED_FUNCTION = YES;
				GCC_WARN_UNUSED_VARIABLE = YES;
				IPHONEOS_DEPLOYMENT_TARGET = 16.0;
				LOCALIZATION_PREFERS_STRING_CATALOGS = YES;
				MTL_ENABLE_DEBUG_INFO = NO;
				MTL_FAST_MATH = YES;
				SDKROOT = iphoneos;
				SWIFT_COMPILATION_MODE = wholemodule;
				VALIDATE_PRODUCT = YES;
			};
			name = Release;
		};
		534D6D5A2F0992A90079135C /* Debug */ = {
			isa = XCBuildConfiguration;
			baseConfigurationReference = 534D6D6A2F0992A90079135C /* Morphed/Config/App.xcconfig */;
			buildSettings = {
				ASSETCATALOG_COMPILER_APPICON_NAME = AppIcon;
				ASSETCATALOG_COMPILER_GLOBAL_ACCENT_COLOR_NAME = AccentColor;
				CODE_SIGN_STYLE = Automatic;
				CURRENT_PROJECT_VERSION = 1;
				ENABLE_PREVIEWS = YES;
				GENERATE_INFOPLIST_FILE = YES;
				INFOPLIST_FILE = Morphed/Info.plist;
				INFOPLIST_KEY_NSPhotoLibraryAddUsageDescription = "Morphed needs access to save edited photos to your photo library.";
				INFOPLIST_KEY_NSPhotoLibraryUsageDescription = "Morphed needs access to your photo library to select photos for editing.";
				INFOPLIST_KEY_UIApplicationSceneManifest_Generation = YES;
				INFOPLIST_KEY_UIApplicationSupportsIndirectInputEvents = YES;
				INFOPLIST_KEY_UILaunchScreen_Generation = YES;
				INFOPLIST_KEY_UISupportedInterfaceOrientations_iPad = "UIInterfaceOrientationPortrait UIInterfaceOrientationPortraitUpsideDown UIInterfaceOrientationLandscapeLeft UIInterfaceOrientationLandscapeRight";
				INFOPLIST_KEY_UISupportedInterfaceOrientations_iPhone = "UIInterfaceOrientationPortrait UIInterfaceOrientationLandscapeLeft UIInterfaceOrientationLandscapeRight";
				LD_RUNPATH_SEARCH_PATHS = (
					"$(inherited)",
					"@executable_path/Frameworks",
				);
				MARKETING_VERSION = 1.0;
				PRODUCT_BUNDLE_IDENTIFIER = yoshua.Morphed;
				PRODUCT_NAME = "$(TARGET_NAME)";
				STRING_CATALOG_GENERATE_SYMBOLS = YES;
				SWIFT_APPROACHABLE_CONCURRENCY = YES;
				SWIFT_DEFAULT_ACTOR_ISOLATION = MainActor;
				SWIFT_EMIT_LOC_STRINGS = YES;
				SWIFT_UPCOMING_FEATURE_MEMBER_IMPORT_VISIBILITY = YES;
				SWIFT_VERSION = 5.0;
				TARGETED_DEVICE_FAMILY = "1,2";
			};
			name = Debug;
		};
		534D6D5B2F0992A90079135C /* Release */ = {
			isa = XCBuildConfiguration;
			baseConfigurationReference = 534D6D6A2F0992A90079135C /* Morphed/Config/App.xcconfig */;
			buildSettings = {
				ASSETCATALOG_COMPILER_APPICON_NAME = AppIcon;
				ASSETCATALOG_COMPILER_GLOBAL_ACCENT_COLOR_NAME = AccentColor;
				CODE_SIGN_STYLE = Automatic;
				CURRENT_PROJECT_VERSION = 1;
				ENABLE_PREVIEWS = YES;
				GENERATE_INFOPLIST_FILE = YES;
				INFOPLIST_FILE = Morphed/Info.plist;
				INFOPLIST_KEY_NSPhotoLibraryAddUsageDescription = "Morphed needs access to save edited photos to your photo library.";
				INFOPLIST_KEY_NSPhotoLibraryUsageDescription = "Morphed needs access to your photo library to select photos for editing.";
				INFOPLIST_KEY_UIApplicationSceneManifest_Generation = YES;
				INFOPLIST_KEY_UIApplicationSupportsIndirectInputEvents = YES;
				INFOPLIST_KEY_UILaunchScreen_Generation = YES;
				INFOPLIST_KEY_UISupportedInterfaceOrientations_iPad = "UIInterfaceOrientationPortrait UIInterfaceOrientationPortraitUpsideDown UIInterfaceOrientationLandscapeLeft UIInterfaceOrientationLandscapeRight";
				INFOPLIST_KEY_UISupportedInterfaceOrientations_iPhone = "UIInterfaceOrientationPortrait UIInterfaceOrientationLandscapeLeft UIInterfaceOrientationLandscapeRight";
				LD_RUNPATH_SEARCH_PATHS = (
					"$(inherited)",
					"@executable_path/Frameworks",
				);
				MARKETING_VERSION = 1.0;
				PRODUCT_BUNDLE_IDENTIFIER = yoshua.Morphed;
				PRODUCT_NAME = "$(TARGET_NAME)";
				STRING_CATALOG_GENERATE_SYMBOLS = YES;
				SWIFT_APPROACHABLE_CONCURRENCY = YES;
				SWIFT_DEFAULT_ACTOR_ISOLATION = MainActor;
				SWIFT_EMIT_LOC_STRINGS = YES;
				SWIFT_UPCOMING_FEATURE_MEMBER_IMPORT_VISIBILITY = YES;
				SWIFT_VERSION = 5.0;
				TARGETED_DEVICE_FAMILY = "1,2";
			};
			name = Release;
		};
		534D6D5D2F0992A90079135C /* Debug */ = {
			isa = XCBuildConfiguration;
			buildSettings = {
				BUNDLE_LOADER = "$(TEST_HOST)";
				CODE_SIGN_STYLE = Automatic;
				CURRENT_PROJECT_VERSION = 1;
				GENERATE_INFOPLIST_FILE = YES;
				IPHONEOS_DEPLOYMENT_TARGET = 16.0;
				MARKETING_VERSION = 1.0;
				PRODUCT_BUNDLE_IDENTIFIER = yoshua.MorphedTests;
				PRODUCT_NAME = "$(TARGET_NAME)";
				STRING_CATALOG_GENERATE_SYMBOLS = NO;
				SWIFT_APPROACHABLE_CONCURRENCY = YES;
				SWIFT_EMIT_LOC_STRINGS = NO;
				SWIFT_UPCOMING_FEATURE_MEMBER_IMPORT_VISIBILITY = YES;
				SWIFT_VERSION = 5.0;
				TARGETED_DEVICE_FAMILY = "1,2";
				TEST_HOST = "$(BUILT_PRODUCTS_DIR)/Morphed.app/$(BUNDLE_EXECUTABLE_FOLDER_PATH)/Morphed";
			};
			name = Debug;
		};
		534D6D5E2F0992A90079135C /* Release */ = {
			isa = XCBuildConfiguration;
			buildSettings = {
				BUNDLE_LOADER = "$(TEST_HOST)";
				CODE_SIGN_STYLE = Automatic;
				CURRENT_PROJECT_VERSION = 1;
				GENERATE_INFOPLIST_FILE = YES;
				IPHONEOS_DEPLOYMENT_TARGET = 16.0;
				MARKETING_VERSION = 1.0;
				PRODUCT_BUNDLE_IDENTIFIER = yoshua.MorphedTests;
				PRODUCT_NAME = "$(TARGET_NAME)";
				STRING_CATALOG_GENERATE_SYMBOLS = NO;
				SWIFT_APPROACHABLE_CONCURRENCY = YES;
				SWIFT_EMIT_LOC_STRINGS = NO;
				SWIFT_UPCOMING_FEATURE_MEMBER_IMPORT_VISIBILITY = YES;
				SWIFT_VERSION = 5.0;
				TARGETED_DEVICE_FAMILY = "1,2";
				TEST_HOST = "$(BUILT_PRODUCTS_DIR)/Morphed.app/$(BUNDLE_EXECUTABLE_FOLDER_PATH)/Morphed";
			};
			name = Release;
		};
		534D6D602F0992A90079135C /* Debug */ = {
			isa = XCBuildConfiguration;
			buildSettings = {
				CODE_SIGN_STYLE = Automatic;
				CURRENT_PROJECT_VERSION = 1;
				GENERATE_INFOPLIST_FILE = YES;
				MARKETING_VERSION = 1.0;
				PRODUCT_BUNDLE_IDENTIFIER = yoshua.MorphedUITests;
				PRODUCT_NAME = "$(TARGET_NAME)";
				STRING_CATALOG_GENERATE_SYMBOLS = NO;
				SWIFT_APPROACHABLE_CONCURRENCY = YES;
				SWIFT_EMIT_LOC_STRINGS = NO;
				SWIFT_UPCOMING_FEATURE_MEMBER_IMPORT_VISIBILITY = YES;
				SWIFT_VERSION = 5.0;
				TARGETED_DEVICE_FAMILY = "1,2";
				TEST_TARGET_NAME = Morphed;
			};
			name = Debug;
		};
		534D6D612F0992A90079135C /* Release */ = {
			isa = XCBuildConfiguration;
			buildSettings = {
				CODE_SIGN_STYLE = Automatic;
				CURRENT_PROJECT_VERSION = 1;
				GENERATE_INFOPLIST_FILE = YES;
				MARKETING_VERSION = 1.0;
				PRODUCT_BUNDLE_IDENTIFIER = yoshua.MorphedUITests;
				PRODUCT_NAME = "$(TARGET_NAME)";
				STRING_CATALOG_GENERATE_SYMBOLS = NO;
				SWIFT_APPROACHABLE_CONCURRENCY = YES;
				SWIFT_EMIT_LOC_STRINGS = NO;
				SWIFT_UPCOMING_FEATURE_MEMBER_IMPORT_VISIBILITY = YES;
				SWIFT_VERSION = 5.0;
				TARGETED_DEVICE_FAMILY = "1,2";
				TEST_TARGET_NAME = Morphed;
			};
			name = Release;
		};
/* End XCBuildConfiguration section */

/* Begin XCConfigurationList section */
		534D6D332F0992A80079135C /* Build configuration list for PBXProject "Morphed" */ = {
			isa = XCConfigurationList;
			buildConfigurations = (
				534D6D572F0992A90079135C /* Debug */,
				534D6D582F0992A90079135C /* Release */,
			);
			defaultConfigurationIsVisible = 0;
			defaultConfigurationName = Release;
		};
		534D6D592F0992A90079135C /* Build configuration list for PBXNativeTarget "Morphed" */ = {
			isa = XCConfigurationList;
			buildConfigurations = (
				534D6D5A2F0992A90079135C /* Debug */,
				534D6D5B2F0992A90079135C /* Release */,
			);
			defaultConfigurationIsVisible = 0;
			defaultConfigurationName = Release;
		};
		534D6D5C2F0992A90079135C /* Build configuration list for PBXNativeTarget "MorphedTests" */ = {
			isa = XCConfigurationList;
			buildConfigurations = (
				534D6D5D2F0992A90079135C /* Debug */,
				534D6D5E2F0992A90079135C /* Release */,
			);
			defaultConfigurationIsVisible = 0;
			defaultConfigurationName = Release;
		};
		534D6D5F2F0992A90079135C /* Build configuration list for PBXNativeTarget "MorphedUITests" */ = {
			isa = XCConfigurationList;
			buildConfigurations = (
				534D6D602F0992A90079135C /* Debug */,
				534D6D612F0992A90079135C /* Release */,
			);
			defaultConfigurationIsVisible = 0;
			defaultConfigurationName = Release;
		};
/* End XCConfigurationList section */

/* Begin XCRemoteSwiftPackageReference section */
		09FBBC942F219CBF00C9ED19 /* XCRemoteSwiftPackageReference "supabase-swift" */ = {
			isa = XCRemoteSwiftPackageReference;
			repositoryURL = "https://github.com/supabase-community/supabase-swift.git";
			requirement = {
				kind = upToNextMajorVersion;
				minimumVersion = 2.5.1;
			};
		};
/* End XCRemoteSwiftPackageReference section */

/* Begin XCSwiftPackageProductDependency section */
		09FBBC962F219F1800C9ED19 /* Auth */ = {
			isa = XCSwiftPackageProductDependency;
			package = 09FBBC942F219CBF00C9ED19 /* XCRemoteSwiftPackageReference "supabase-swift" */;
			productName = Auth;
		};
		09FBBC982F219F1E00C9ED19 /* Functions */ = {
			isa = XCSwiftPackageProductDependency;
			package = 09FBBC942F219CBF00C9ED19 /* XCRemoteSwiftPackageReference "supabase-swift" */;
			productName = Functions;
		};
		09FBBC9A2F219F1E00C9ED19 /* PostgREST */ = {
			isa = XCSwiftPackageProductDependency;
			package = 09FBBC942F219CBF00C9ED19 /* XCRemoteSwiftPackageReference "supabase-swift" */;
			productName = PostgREST;
		};
		09FBBC9C2F219F1E00C9ED19 /* Realtime */ = {
			isa = XCSwiftPackageProductDependency;
			package = 09FBBC942F219CBF00C9ED19 /* XCRemoteSwiftPackageReference "supabase-swift" */;
			productName = Realtime;
		};
		09FBBC9E2F219F1E00C9ED19 /* Storage */ = {
			isa = XCSwiftPackageProductDependency;
			package = 09FBBC942F219CBF00C9ED19 /* XCRemoteSwiftPackageReference "supabase-swift" */;
			productName = Storage;
		};
		09FBBCA02F219F1E00C9ED19 /* Supabase */ = {
			isa = XCSwiftPackageProductDependency;
			package = 09FBBC942F219CBF00C9ED19 /* XCRemoteSwiftPackageReference "supabase-swift" */;
			productName = Supabase;
		};
/* End XCSwiftPackageProductDependency section */
	};
	rootObject = 534D6D302F0992A80079135C /* Project object */;
}
